
Microsoft Visual Studio Solution File, Format Version 12.00
# Visual Studio 14
VisualStudioVersion = 14.0.25420.1
MinimumVisualStudioVersion = 10.0.40219.1
Project("{FAE04EC0-301F-11D3-BF4B-00C04F79EFBC}") = "asp_mvc_2", "asp_mvc_2\asp_mvc_2.csproj", "{BAC5B313-E7AF-49D0-9D85-77E53F7E587F}"
EndProject
Global
	GlobalSection(SolutionConfigurationPlatforms) = preSolution
		Debug|Any CPU = Debug|Any CPU
		Release|Any CPU = Release|Any CPU
	EndGlobalSection
	GlobalSection(ProjectConfigurationPlatforms) = postSolution
		{BAC5B313-E7AF-49D0-9D85-77E53F7E587F}.Debug|Any CPU.ActiveCfg = Debug|Any CPU
		{BAC5B313-E7AF-49D0-9D85-77E53F7E587F}.Debug|Any CPU.Build.0 = Debug|Any CPU
		{BAC5B313-E7AF-49D0-9D85-77E53F7E587F}.Release|Any CPU.ActiveCfg = Release|Any CPU
		{BAC5B313-E7AF-49D0-9D85-77E53F7E587F}.Release|Any CPU.Build.0 = Release|Any CPU
	EndGlobalSection
	GlobalSection(SolutionProperties) = preSolution
		HideSolutionNode = FALSE
	EndGlobalSection
EndGlobal
